
Microsoft Visual Studio Solution File, Format Version 12.00
# Visual Studio Version 17
VisualStudioVersion = 17.14.36623.8 d17.14
MinimumVisualStudioVersion = 10.0.40219.1
Project("{FAE04EC0-301F-11D3-BF4B-00C04F79EFBC}") = "AlunosApi", "AlunosApi\AlunosApi.csproj", "{5D601468-40FE-47C0-AB20-3C0C1B9447ED}"
EndProject
Global
	GlobalSection(SolutionConfigurationPlatforms) = preSolution
		Debug|Any CPU = Debug|Any CPU
		Release|Any CPU = Release|Any CPU
	EndGlobalSection
	GlobalSection(ProjectConfigurationPlatforms) = postSolution
		{5D601468-40FE-47C0-AB20-3C0C1B9447ED}.Debug|Any CPU.ActiveCfg = Debug|Any CPU
		{5D601468-40FE-47C0-AB20-3C0C1B9447ED}.Debug|Any CPU.Build.0 = Debug|Any CPU
		{5D601468-40FE-47C0-AB20-3C0C1B9447ED}.Release|Any CPU.ActiveCfg = Release|Any CPU
		{5D601468-40FE-47C0-AB20-3C0C1B9447ED}.Release|Any CPU.Build.0 = Release|Any CPU
	EndGlobalSection
	GlobalSection(SolutionProperties) = preSolution
		HideSolutionNode = FALSE
	EndGlobalSection
	GlobalSection(ExtensibilityGlobals) = postSolution
		SolutionGuid = {EB1F258F-29BB-4ACE-B019-7E65C8F202C8}
	EndGlobalSection
EndGlobal
